
Microsoft Visual Studio Solution File, Format Version 12.00
# Visual Studio Version 17
VisualStudioVersion = 17.0.31903.59
MinimumVisualStudioVersion = 10.0.40219.1
Project("{FAE04EC0-301F-11D3-BF4B-00C04F79EFBC}") = "SampleStack.Repository", "SampleStack.Repository\SampleStack.Repository.csproj", "{5AB3D9C5-7C94-41A9-95FF-8EB5556054CD}"
EndProject
Project("{FAE04EC0-301F-11D3-BF4B-00C04F79EFBC}") = "SampleStack.Repository.Tests", "SampleStack.Repository.Tests\SampleStack.Repository.Tests.csproj", "{29CD8D7C-6DFE-4AB2-B9F3-44CFCB8ED897}"
EndProject
Project("{FAE04EC0-301F-11D3-BF4B-00C04F79EFBC}") = "SampleStack.AutoMapper", "SampleStack.AutoMapper\SampleStack.AutoMapper.csproj", "{CD7A32F4-AB11-4EDE-8B33-2622B4FDFFC8}"
EndProject
Project("{FAE04EC0-301F-11D3-BF4B-00C04F79EFBC}") = "SampleStack.AutoMapper.Tests", "SampleStack.AutoMapper.Tests\SampleStack.AutoMapper.Tests.csproj", "{2610724E-ED4D-4DB3-88EC-3B8807775EA9}"
EndProject
Project("{FAE04EC0-301F-11D3-BF4B-00C04F79EFBC}") = "SampleStack.Telemetry", "SampleStack.Telemetry\SampleStack.Telemetry.csproj", "{7E67A534-8B56-4158-A5B5-022012196AF4}"
EndProject
Project("{FAE04EC0-301F-11D3-BF4B-00C04F79EFBC}") = "SampleStack.Telemetry.Tests", "SampleStack.Telemetry.Tests\SampleStack.Telemetry.Tests.csproj", "{8070263C-3B3C-4BA6-8F13-36BDFB2B9CE7}"
EndProject
Global
	GlobalSection(SolutionConfigurationPlatforms) = preSolution
		Debug|Any CPU = Debug|Any CPU
		Release|Any CPU = Release|Any CPU
	EndGlobalSection
	GlobalSection(SolutionProperties) = preSolution
		HideSolutionNode = FALSE
	EndGlobalSection
	GlobalSection(ProjectConfigurationPlatforms) = postSolution
		{5AB3D9C5-7C94-41A9-95FF-8EB5556054CD}.Debug|Any CPU.ActiveCfg = Debug|Any CPU
		{5AB3D9C5-7C94-41A9-95FF-8EB5556054CD}.Debug|Any CPU.Build.0 = Debug|Any CPU
		{5AB3D9C5-7C94-41A9-95FF-8EB5556054CD}.Release|Any CPU.ActiveCfg = Release|Any CPU
		{5AB3D9C5-7C94-41A9-95FF-8EB5556054CD}.Release|Any CPU.Build.0 = Release|Any CPU
		{29CD8D7C-6DFE-4AB2-B9F3-44CFCB8ED897}.Debug|Any CPU.ActiveCfg = Debug|Any CPU
		{29CD8D7C-6DFE-4AB2-B9F3-44CFCB8ED897}.Debug|Any CPU.Build.0 = Debug|Any CPU
		{29CD8D7C-6DFE-4AB2-B9F3-44CFCB8ED897}.Release|Any CPU.ActiveCfg = Release|Any CPU
		{29CD8D7C-6DFE-4AB2-B9F3-44CFCB8ED897}.Release|Any CPU.Build.0 = Release|Any CPU
		{CD7A32F4-AB11-4EDE-8B33-2622B4FDFFC8}.Debug|Any CPU.ActiveCfg = Debug|Any CPU
		{CD7A32F4-AB11-4EDE-8B33-2622B4FDFFC8}.Debug|Any CPU.Build.0 = Debug|Any CPU
		{CD7A32F4-AB11-4EDE-8B33-2622B4FDFFC8}.Release|Any CPU.ActiveCfg = Release|Any CPU
		{CD7A32F4-AB11-4EDE-8B33-2622B4FDFFC8}.Release|Any CPU.Build.0 = Release|Any CPU
		{2610724E-ED4D-4DB3-88EC-3B8807775EA9}.Debug|Any CPU.ActiveCfg = Debug|Any CPU
		{2610724E-ED4D-4DB3-88EC-3B8807775EA9}.Debug|Any CPU.Build.0 = Debug|Any CPU
		{2610724E-ED4D-4DB3-88EC-3B8807775EA9}.Release|Any CPU.ActiveCfg = Release|Any CPU
		{2610724E-ED4D-4DB3-88EC-3B8807775EA9}.Release|Any CPU.Build.0 = Release|Any CPU
		{7E67A534-8B56-4158-A5B5-022012196AF4}.Debug|Any CPU.ActiveCfg = Debug|Any CPU
		{7E67A534-8B56-4158-A5B5-022012196AF4}.Debug|Any CPU.Build.0 = Debug|Any CPU
		{7E67A534-8B56-4158-A5B5-022012196AF4}.Release|Any CPU.ActiveCfg = Release|Any CPU
		{7E67A534-8B56-4158-A5B5-022012196AF4}.Release|Any CPU.Build.0 = Release|Any CPU
		{8070263C-3B3C-4BA6-8F13-36BDFB2B9CE7}.Debug|Any CPU.ActiveCfg = Debug|Any CPU
		{8070263C-3B3C-4BA6-8F13-36BDFB2B9CE7}.Debug|Any CPU.Build.0 = Debug|Any CPU
		{8070263C-3B3C-4BA6-8F13-36BDFB2B9CE7}.Release|Any CPU.ActiveCfg = Release|Any CPU
		{8070263C-3B3C-4BA6-8F13-36BDFB2B9CE7}.Release|Any CPU.Build.0 = Release|Any CPU
	EndGlobalSection
EndGlobal
